
Microsoft Visual Studio Solution File, Format Version 12.00
# Visual Studio Version 17
VisualStudioVersion = 17.5.2.0
MinimumVisualStudioVersion = 10.0.40219.1
Project("{2150E333-8FDC-42A3-9474-1A3956D46DE8}") = "backend", "backend", "{1AE8ACA6-933B-BF2A-3671-3E2EAC007D16}"
EndProject
Project("{2150E333-8FDC-42A3-9474-1A3956D46DE8}") = "frontend", "frontend", "{CE609670-85B9-0D16-FB54-ED063D5D8A6D}"
EndProject
Project("{2150E333-8FDC-42A3-9474-1A3956D46DE8}") = "tests", "tests", "{0AB3BF05-4346-4AA6-1389-037BE0695223}"
EndProject
Project("{FAE04EC0-301F-11D3-BF4B-00C04F79EFBC}") = "Application", "backend\Application\Application.csproj", "{09B42AD5-BBE1-572C-B555-FF85175AD7CA}"
EndProject
Project("{FAE04EC0-301F-11D3-BF4B-00C04F79EFBC}") = "Domain", "backend\Domain\Domain.csproj", "{1AF93A02-C695-A740-C744-9453045209F4}"
EndProject
Project("{FAE04EC0-301F-11D3-BF4B-00C04F79EFBC}") = "Infrastructure", "backend\Infrastructure\Infrastructure.csproj", "{BAC07D44-E017-A073-6C9A-C5B760BE66C1}"
EndProject
Project("{FAE04EC0-301F-11D3-BF4B-00C04F79EFBC}") = "WebApi", "backend\WebApi\WebApi.csproj", "{FF832594-E403-2B1F-49E8-55A6A5C58268}"
EndProject
Project("{FAE04EC0-301F-11D3-BF4B-00C04F79EFBC}") = "Console", "frontend\Console\Console.csproj", "{15D2C271-E237-D10C-AFFC-2FB01BAF09C3}"
EndProject
Project("{FAE04EC0-301F-11D3-BF4B-00C04F79EFBC}") = "Domain.UnitTests", "tests\Domain.UnitTests\Domain.UnitTests.csproj", "{F566C582-138F-7EAC-84B2-26BD8903E78D}"
EndProject
Project("{2150E333-8FDC-42A3-9474-1A3956D46DE8}") = "Solution Items", "Solution Items", "{089100B1-113F-4E66-888A-E83F3999EAFD}"
	ProjectSection(SolutionItems) = preProject
		Directory.Build.Props = Directory.Build.Props
		Directory.Packages.props = Directory.Packages.props
		PhoneForge.sln = PhoneForge.sln
		.editorconfig = .editorconfig
	EndProjectSection
EndProject
Project("{FAE04EC0-301F-11D3-BF4B-00C04F79EFBC}") = "IntegrationTests", "tests\IntegrationTests\IntegrationTests.csproj", "{22D58F1F-ACCA-4BE5-B7F5-F8CB3E43C523}"
EndProject
Project("{FAE04EC0-301F-11D3-BF4B-00C04F79EFBC}") = "TestData", "tests\TestData\TestData.csproj", "{9154254D-286D-4BD9-A409-235E62E6AB99}"
EndProject
Global
	GlobalSection(SolutionConfigurationPlatforms) = preSolution
		Debug|Any CPU = Debug|Any CPU
		Debug|x64 = Debug|x64
		Debug|x86 = Debug|x86
		Release|Any CPU = Release|Any CPU
		Release|x64 = Release|x64
		Release|x86 = Release|x86
	EndGlobalSection
	GlobalSection(ProjectConfigurationPlatforms) = postSolution
		{09B42AD5-BBE1-572C-B555-FF85175AD7CA}.Debug|Any CPU.ActiveCfg = Debug|Any CPU
		{09B42AD5-BBE1-572C-B555-FF85175AD7CA}.Debug|Any CPU.Build.0 = Debug|Any CPU
		{09B42AD5-BBE1-572C-B555-FF85175AD7CA}.Debug|x64.ActiveCfg = Debug|Any CPU
		{09B42AD5-BBE1-572C-B555-FF85175AD7CA}.Debug|x64.Build.0 = Debug|Any CPU
		{09B42AD5-BBE1-572C-B555-FF85175AD7CA}.Debug|x86.ActiveCfg = Debug|Any CPU
		{09B42AD5-BBE1-572C-B555-FF85175AD7CA}.Debug|x86.Build.0 = Debug|Any CPU
		{09B42AD5-BBE1-572C-B555-FF85175AD7CA}.Release|Any CPU.ActiveCfg = Release|Any CPU
		{09B42AD5-BBE1-572C-B555-FF85175AD7CA}.Release|Any CPU.Build.0 = Release|Any CPU
		{09B42AD5-BBE1-572C-B555-FF85175AD7CA}.Release|x64.ActiveCfg = Release|Any CPU
		{09B42AD5-BBE1-572C-B555-FF85175AD7CA}.Release|x64.Build.0 = Release|Any CPU
		{09B42AD5-BBE1-572C-B555-FF85175AD7CA}.Release|x86.ActiveCfg = Release|Any CPU
		{09B42AD5-BBE1-572C-B555-FF85175AD7CA}.Release|x86.Build.0 = Release|Any CPU
		{1AF93A02-C695-A740-C744-9453045209F4}.Debug|Any CPU.ActiveCfg = Debug|Any CPU
		{1AF93A02-C695-A740-C744-9453045209F4}.Debug|Any CPU.Build.0 = Debug|Any CPU
		{1AF93A02-C695-A740-C744-9453045209F4}.Debug|x64.ActiveCfg = Debug|Any CPU
		{1AF93A02-C695-A740-C744-9453045209F4}.Debug|x64.Build.0 = Debug|Any CPU
		{1AF93A02-C695-A740-C744-9453045209F4}.Debug|x86.ActiveCfg = Debug|Any CPU
		{1AF93A02-C695-A740-C744-9453045209F4}.Debug|x86.Build.0 = Debug|Any CPU
		{1AF93A02-C695-A740-C744-9453045209F4}.Release|Any CPU.ActiveCfg = Release|Any CPU
		{1AF93A02-C695-A740-C744-9453045209F4}.Release|Any CPU.Build.0 = Release|Any CPU
		{1AF93A02-C695-A740-C744-9453045209F4}.Release|x64.ActiveCfg = Release|Any CPU
		{1AF93A02-C695-A740-C744-9453045209F4}.Release|x64.Build.0 = Release|Any CPU
		{1AF93A02-C695-A740-C744-9453045209F4}.Release|x86.ActiveCfg = Release|Any CPU
		{1AF93A02-C695-A740-C744-9453045209F4}.Release|x86.Build.0 = Release|Any CPU
		{BAC07D44-E017-A073-6C9A-C5B760BE66C1}.Debug|Any CPU.ActiveCfg = Debug|Any CPU
		{BAC07D44-E017-A073-6C9A-C5B760BE66C1}.Debug|Any CPU.Build.0 = Debug|Any CPU
		{BAC07D44-E017-A073-6C9A-C5B760BE66C1}.Debug|x64.ActiveCfg = Debug|Any CPU
		{BAC07D44-E017-A073-6C9A-C5B760BE66C1}.Debug|x64.Build.0 = Debug|Any CPU
		{BAC07D44-E017-A073-6C9A-C5B760BE66C1}.Debug|x86.ActiveCfg = Debug|Any CPU
		{BAC07D44-E017-A073-6C9A-C5B760BE66C1}.Debug|x86.Build.0 = Debug|Any CPU
		{BAC07D44-E017-A073-6C9A-C5B760BE66C1}.Release|Any CPU.ActiveCfg = Release|Any CPU
		{BAC07D44-E017-A073-6C9A-C5B760BE66C1}.Release|Any CPU.Build.0 = Release|Any CPU
		{BAC07D44-E017-A073-6C9A-C5B760BE66C1}.Release|x64.ActiveCfg = Release|Any CPU
		{BAC07D44-E017-A073-6C9A-C5B760BE66C1}.Release|x64.Build.0 = Release|Any CPU
		{BAC07D44-E017-A073-6C9A-C5B760BE66C1}.Release|x86.ActiveCfg = Release|Any CPU
		{BAC07D44-E017-A073-6C9A-C5B760BE66C1}.Release|x86.Build.0 = Release|Any CPU
		{FF832594-E403-2B1F-49E8-55A6A5C58268}.Debug|Any CPU.ActiveCfg = Debug|Any CPU
		{FF832594-E403-2B1F-49E8-55A6A5C58268}.Debug|Any CPU.Build.0 = Debug|Any CPU
		{FF832594-E403-2B1F-49E8-55A6A5C58268}.Debug|x64.ActiveCfg = Debug|Any CPU
		{FF832594-E403-2B1F-49E8-55A6A5C58268}.Debug|x64.Build.0 = Debug|Any CPU
		{FF832594-E403-2B1F-49E8-55A6A5C58268}.Debug|x86.ActiveCfg = Debug|Any CPU
		{FF832594-E403-2B1F-49E8-55A6A5C58268}.Debug|x86.Build.0 = Debug|Any CPU
		{FF832594-E403-2B1F-49E8-55A6A5C58268}.Release|Any CPU.ActiveCfg = Release|Any CPU
		{FF832594-E403-2B1F-49E8-55A6A5C58268}.Release|Any CPU.Build.0 = Release|Any CPU
		{FF832594-E403-2B1F-49E8-55A6A5C58268}.Release|x64.ActiveCfg = Release|Any CPU
		{FF832594-E403-2B1F-49E8-55A6A5C58268}.Release|x64.Build.0 = Release|Any CPU
		{FF832594-E403-2B1F-49E8-55A6A5C58268}.Release|x86.ActiveCfg = Release|Any CPU
		{FF832594-E403-2B1F-49E8-55A6A5C58268}.Release|x86.Build.0 = Release|Any CPU
		{15D2C271-E237-D10C-AFFC-2FB01BAF09C3}.Debug|Any CPU.ActiveCfg = Debug|Any CPU
		{15D2C271-E237-D10C-AFFC-2FB01BAF09C3}.Debug|Any CPU.Build.0 = Debug|Any CPU
		{15D2C271-E237-D10C-AFFC-2FB01BAF09C3}.Debug|x64.ActiveCfg = Debug|Any CPU
		{15D2C271-E237-D10C-AFFC-2FB01BAF09C3}.Debug|x64.Build.0 = Debug|Any CPU
		{15D2C271-E237-D10C-AFFC-2FB01BAF09C3}.Debug|x86.ActiveCfg = Debug|Any CPU
		{15D2C271-E237-D10C-AFFC-2FB01BAF09C3}.Debug|x86.Build.0 = Debug|Any CPU
		{15D2C271-E237-D10C-AFFC-2FB01BAF09C3}.Release|Any CPU.ActiveCfg = Release|Any CPU
		{15D2C271-E237-D10C-AFFC-2FB01BAF09C3}.Release|Any CPU.Build.0 = Release|Any CPU
		{15D2C271-E237-D10C-AFFC-2FB01BAF09C3}.Release|x64.ActiveCfg = Release|Any CPU
		{15D2C271-E237-D10C-AFFC-2FB01BAF09C3}.Release|x64.Build.0 = Release|Any CPU
		{15D2C271-E237-D10C-AFFC-2FB01BAF09C3}.Release|x86.ActiveCfg = Release|Any CPU
		{15D2C271-E237-D10C-AFFC-2FB01BAF09C3}.Release|x86.Build.0 = Release|Any CPU
		{F566C582-138F-7EAC-84B2-26BD8903E78D}.Debug|Any CPU.ActiveCfg = Debug|Any CPU
		{F566C582-138F-7EAC-84B2-26BD8903E78D}.Debug|Any CPU.Build.0 = Debug|Any CPU
		{F566C582-138F-7EAC-84B2-26BD8903E78D}.Debug|x64.ActiveCfg = Debug|Any CPU
		{F566C582-138F-7EAC-84B2-26BD8903E78D}.Debug|x64.Build.0 = Debug|Any CPU
		{F566C582-138F-7EAC-84B2-26BD8903E78D}.Debug|x86.ActiveCfg = Debug|Any CPU
		{F566C582-138F-7EAC-84B2-26BD8903E78D}.Debug|x86.Build.0 = Debug|Any CPU
		{F566C582-138F-7EAC-84B2-26BD8903E78D}.Release|Any CPU.ActiveCfg = Release|Any CPU
		{F566C582-138F-7EAC-84B2-26BD8903E78D}.Release|Any CPU.Build.0 = Release|Any CPU
		{F566C582-138F-7EAC-84B2-26BD8903E78D}.Release|x64.ActiveCfg = Release|Any CPU
		{F566C582-138F-7EAC-84B2-26BD8903E78D}.Release|x64.Build.0 = Release|Any CPU
		{F566C582-138F-7EAC-84B2-26BD8903E78D}.Release|x86.ActiveCfg = Release|Any CPU
		{F566C582-138F-7EAC-84B2-26BD8903E78D}.Release|x86.Build.0 = Release|Any CPU
		{22D58F1F-ACCA-4BE5-B7F5-F8CB3E43C523}.Debug|Any CPU.ActiveCfg = Debug|Any CPU
		{22D58F1F-ACCA-4BE5-B7F5-F8CB3E43C523}.Debug|Any CPU.Build.0 = Debug|Any CPU
		{22D58F1F-ACCA-4BE5-B7F5-F8CB3E43C523}.Debug|x64.ActiveCfg = Debug|Any CPU
		{22D58F1F-ACCA-4BE5-B7F5-F8CB3E43C523}.Debug|x64.Build.0 = Debug|Any CPU
		{22D58F1F-ACCA-4BE5-B7F5-F8CB3E43C523}.Debug|x86.ActiveCfg = Debug|Any CPU
		{22D58F1F-ACCA-4BE5-B7F5-F8CB3E43C523}.Debug|x86.Build.0 = Debug|Any CPU
		{22D58F1F-ACCA-4BE5-B7F5-F8CB3E43C523}.Release|Any CPU.ActiveCfg = Release|Any CPU
		{22D58F1F-ACCA-4BE5-B7F5-F8CB3E43C523}.Release|Any CPU.Build.0 = Release|Any CPU
		{22D58F1F-ACCA-4BE5-B7F5-F8CB3E43C523}.Release|x64.ActiveCfg = Release|Any CPU
		{22D58F1F-ACCA-4BE5-B7F5-F8CB3E43C523}.Release|x64.Build.0 = Release|Any CPU
		{22D58F1F-ACCA-4BE5-B7F5-F8CB3E43C523}.Release|x86.ActiveCfg = Release|Any CPU
		{22D58F1F-ACCA-4BE5-B7F5-F8CB3E43C523}.Release|x86.Build.0 = Release|Any CPU
		{9154254D-286D-4BD9-A409-235E62E6AB99}.Debug|Any CPU.ActiveCfg = Debug|Any CPU
		{9154254D-286D-4BD9-A409-235E62E6AB99}.Debug|Any CPU.Build.0 = Debug|Any CPU
		{9154254D-286D-4BD9-A409-235E62E6AB99}.Debug|x64.ActiveCfg = Debug|Any CPU
		{9154254D-286D-4BD9-A409-235E62E6AB99}.Debug|x64.Build.0 = Debug|Any CPU
		{9154254D-286D-4BD9-A409-235E62E6AB99}.Debug|x86.ActiveCfg = Debug|Any CPU
		{9154254D-286D-4BD9-A409-235E62E6AB99}.Debug|x86.Build.0 = Debug|Any CPU
		{9154254D-286D-4BD9-A409-235E62E6AB99}.Release|Any CPU.ActiveCfg = Release|Any CPU
		{9154254D-286D-4BD9-A409-235E62E6AB99}.Release|Any CPU.Build.0 = Release|Any CPU
		{9154254D-286D-4BD9-A409-235E62E6AB99}.Release|x64.ActiveCfg = Release|Any CPU
		{9154254D-286D-4BD9-A409-235E62E6AB99}.Release|x64.Build.0 = Release|Any CPU
		{9154254D-286D-4BD9-A409-235E62E6AB99}.Release|x86.ActiveCfg = Release|Any CPU
		{9154254D-286D-4BD9-A409-235E62E6AB99}.Release|x86.Build.0 = Release|Any CPU
	EndGlobalSection
	GlobalSection(SolutionProperties) = preSolution
		HideSolutionNode = FALSE
	EndGlobalSection
	GlobalSection(NestedProjects) = preSolution
		{09B42AD5-BBE1-572C-B555-FF85175AD7CA} = {1AE8ACA6-933B-BF2A-3671-3E2EAC007D16}
		{1AF93A02-C695-A740-C744-9453045209F4} = {1AE8ACA6-933B-BF2A-3671-3E2EAC007D16}
		{BAC07D44-E017-A073-6C9A-C5B760BE66C1} = {1AE8ACA6-933B-BF2A-3671-3E2EAC007D16}
		{FF832594-E403-2B1F-49E8-55A6A5C58268} = {1AE8ACA6-933B-BF2A-3671-3E2EAC007D16}
		{15D2C271-E237-D10C-AFFC-2FB01BAF09C3} = {CE609670-85B9-0D16-FB54-ED063D5D8A6D}
		{F566C582-138F-7EAC-84B2-26BD8903E78D} = {0AB3BF05-4346-4AA6-1389-037BE0695223}
		{22D58F1F-ACCA-4BE5-B7F5-F8CB3E43C523} = {0AB3BF05-4346-4AA6-1389-037BE0695223}
		{9154254D-286D-4BD9-A409-235E62E6AB99} = {0AB3BF05-4346-4AA6-1389-037BE0695223}
	EndGlobalSection
	GlobalSection(ExtensibilityGlobals) = postSolution
		SolutionGuid = {646D0DF0-B048-4BFA-9672-6C5C78680E95}
	EndGlobalSection
EndGlobal
